{
    "_meta": {
        "hash": {
            "sha256": "98df6bcf51183b6448692f1023b3821f2facb5996edbed8b919985202e447c18"
        },
        "pipfile-spec": 6,
        "requires": {
            "python_version": "3.6.7"
        },
        "sources": [
            {
                "name": "pypi",
                "url": "https://pypi.org/simple",
                "verify_ssl": true
            }
        ]
    },
    "default": {
        "falcon": {
            "hashes": [
                "sha256:53bb5119d2513613eef6868c829ad47606615ff619590e05f7068a955867173d",
                "sha256:6f125ce285a8e9124147497a8d4c202a7316ee550d3ceb003f64d2c5740a9805"
            ],
            "index": "pypi",
            "version": "==1.2.0"
        },
        "gunicorn": {
            "hashes": [
                "sha256:75af03c99389535f218cc596c7de74df4763803f7b63eb09d77e92b3956b36c6",
                "sha256:eee1169f0ca667be05db3351a0960765620dad53f53434262ff8901b68a1b622"
            ],
            "index": "pypi",
            "version": "==19.7.1"
        },
        "py-vkontakte": {
            "hashes": [
                "sha256:8b2d14cb292b6c713498d0bfb520ce3292eda5409ffe5a409388f54e5fcb5333"
            ],
            "index": "pypi",
            "version": "==5.63.2"
        },
        "python-mimeparse": {
            "hashes": [
                "sha256:76e4b03d700a641fd7761d3cd4fdbbdcd787eade1ebfac43f877016328334f78",
                "sha256:a295f03ff20341491bfe4717a39cd0a8cc9afad619ba44b77e86b0ab8a2b8282"
            ],
            "version": "==1.6.0"
        },
        "six": {
            "hashes": [
                "sha256:70e8a77beed4562e7f14fe23a786b54f6296e34344c23bc42f07b15018ff98e9",
                "sha256:832dc0e10feb1aa2c68dcc57dbb658f1c7e65b9b61af69048abc87a2db00a0eb"
            ],
            "version": "==1.11.0"
        }
    },
    "develop": {}
}
